{
  "requires": true,
  "lockfileVersion": 1,
  "dependencies": {
    "@types/uuid": {
      "version": "8.0.0",
      "resolved": "https://registry.npmjs.org/@types/uuid/-/uuid-8.0.0.tgz",
      "integrity": "sha512-xSQfNcvOiE5f9dyd4Kzxbof1aTrLobL278pGLKOZI6esGfZ7ts9Ka16CzIN6Y8hFHE1C7jIBZokULhK1bOgjRw=="
    },
    "busboy": {
      "version": "0.3.1",
      "resolved": "https://registry.npmjs.org/busboy/-/busboy-0.3.1.tgz",
      "integrity": "sha512-y7tTxhGKXcyBxRKAni+awqx8uqaJKrSFSNFSeRG5CsWNdmy2BIK+6VGWEW7TZnIO/533mtMEA4rOevQV815YJw==",
      "requires": {
        "dicer": "0.3.0"
      }
    },
    "dicer": {
      "version": "0.3.0",
      "resolved": "https://registry.npmjs.org/dicer/-/dicer-0.3.0.tgz",
      "integrity": "sha512-MdceRRWqltEG2dZqO769g27N/3PXfcKl04VhYnBlo2YhH7zPi88VebsjTKclaOyiuMaGU72hTfw3VkUitGcVCA==",
      "requires": {
        "streamsearch": "0.1.2"
      }
    },
    "nodemailer": {
      "version": "6.4.10",
      "resolved": "https://registry.npmjs.org/nodemailer/-/nodemailer-6.4.10.tgz",
      "integrity": "sha512-j+pS9CURhPgk6r0ENr7dji+As2xZiHSvZeVnzKniLOw1eRAyM/7flP0u65tCnsapV8JFu+t0l/5VeHsCZEeh9g=="
    },
    "streamsearch": {
      "version": "0.1.2",
      "resolved": "https://registry.npmjs.org/streamsearch/-/streamsearch-0.1.2.tgz",
      "integrity": "sha1-gIudDlb8Jz2Am6VzOOkpkZoanxo="
    },
    "uuid": {
      "version": "8.2.0",
      "resolved": "https://registry.npmjs.org/uuid/-/uuid-8.2.0.tgz",
      "integrity": "sha512-CYpGiFTUrmI6OBMkAdjSDM0k5h8SkkiTP4WAjQgDgNB1S3Ou9VBEvr6q0Kv2H1mMk7IWfxYGpMH5sd5AvcIV2Q=="
    },
    "uuidv4": {
      "version": "6.1.1",
      "resolved": "https://registry.npmjs.org/uuidv4/-/uuidv4-6.1.1.tgz",
      "integrity": "sha512-ZplGb1SHFMVH3l7PUQl2Uwo+FpJQV6IPOoU+MjjbqrNYQolqbGwv+/sn9F+AGMsMOgGz3r9JN3ztGUi0VzMxmw==",
      "requires": {
        "@types/uuid": "8.0.0",
        "uuid": "8.2.0"
      }
    }
  }
}
